{
  "version": 4,
  "terraform_version": "1.12.1",
  "serial": 1745,
  "lineage": "fd1bec2d-2d5a-e8fa-3ba7-c6bd90af8344",
  "outputs": {},
  "resources": [
    {
      "mode": "data",
      "type": "aws_subnets",
      "name": "default_subnets",
      "provider": "provider[\"registry.terraform.io/hashicorp/aws\"]",
      "instances": [
        {
          "schema_version": 0,
          "attributes": {
            "filter": [
              {
                "name": "vpc-id",
                "values": [
                  "vpc-0532763e9ffcf655d"
                ]
              }
            ],
            "id": "ap-southeast-2",
            "ids": [
              "subnet-01e9119d95bdf3ba0",
              "subnet-047072d6572aa78a2",
              "subnet-07984e5409489862b"
            ],
            "tags": null,
            "timeouts": null
          },
          "sensitive_attributes": [],
          "identity_schema_version": 0
        }
      ]
    },
    {
      "mode": "data",
      "type": "aws_vpc",
      "name": "default",
      "provider": "provider[\"registry.terraform.io/hashicorp/aws\"]",
      "instances": [
        {
          "schema_version": 0,
          "attributes": {
            "arn": "arn:aws:ec2:ap-southeast-2:000576340633:vpc/vpc-0532763e9ffcf655d",
            "cidr_block": "172.31.0.0/16",
            "cidr_block_associations": [
              {
                "association_id": "vpc-cidr-assoc-0a74027160482b953",
                "cidr_block": "172.31.0.0/16",
                "state": "associated"
              }
            ],
            "default": true,
            "dhcp_options_id": "dopt-043c335ab24c08e41",
            "enable_dns_hostnames": true,
            "enable_dns_support": true,
            "enable_network_address_usage_metrics": false,
            "filter": null,
            "id": "vpc-0532763e9ffcf655d",
            "instance_tenancy": "default",
            "ipv6_association_id": "",
            "ipv6_cidr_block": "",
            "main_route_table_id": "rtb-04c17b1e48d8e0082",
            "owner_id": "000576340633",
            "state": null,
            "tags": {},
            "timeouts": null
          },
          "sensitive_attributes": [],
          "identity_schema_version": 0
        }
      ]
    },
    {
      "module": "module.asg",
      "mode": "managed",
      "type": "aws_autoscaling_group",
      "name": "my-web-asg",
      "provider": "provider[\"registry.terraform.io/hashicorp/aws\"]",
      "instances": [
        {
          "schema_version": 0,
          "attributes": {
            "arn": "arn:aws:autoscaling:ap-southeast-2:000576340633:autoScalingGroup:334eca8a-ef4d-4b67-868c-d0e532a0ed49:autoScalingGroupName/my-web-asg",
            "availability_zones": [
              "ap-southeast-2a",
              "ap-southeast-2b",
              "ap-southeast-2c"
            ],
            "capacity_rebalance": false,
            "context": "",
            "default_cooldown": 300,
            "default_instance_warmup": 0,
            "desired_capacity": 2,
            "desired_capacity_type": "",
            "enabled_metrics": null,
            "force_delete": false,
            "force_delete_warm_pool": false,
            "health_check_grace_period": 300,
            "health_check_type": "ELB",
            "id": "my-web-asg",
            "initial_lifecycle_hook": [],
            "instance_refresh": [],
            "launch_configuration": "",
            "launch_template": [
              {
                "id": "lt-04f41ccfcff8607fb",
                "name": "my-web20250716090618298700000001",
                "version": "$Latest"
              }
            ],
            "load_balancers": null,
            "max_instance_lifetime": 0,
            "max_size": 4,
            "metrics_granularity": "1Minute",
            "min_elb_capacity": null,
            "min_size": 1,
            "mixed_instances_policy": [],
            "name": "my-web-asg",
            "name_prefix": "",
            "placement_group": "",
            "predicted_capacity": 0,
            "protect_from_scale_in": false,
            "service_linked_role_arn": "arn:aws:iam::000576340633:role/aws-service-role/autoscaling.amazonaws.com/AWSServiceRoleForAutoScaling",
            "suspended_processes": null,
            "tag": [],
            "tags": null,
            "target_group_arns": [
              "arn:aws:elasticloadbalancing:ap-southeast-2:000576340633:targetgroup/web-tg/699aa8261913fb4c"
            ],
            "termination_policies": null,
            "timeouts": null,
            "vpc_zone_identifier": [
              "subnet-01e9119d95bdf3ba0",
              "subnet-047072d6572aa78a2",
              "subnet-07984e5409489862b"
            ],
            "wait_for_capacity_timeout": "10m",
            "wait_for_elb_capacity": null,
            "warm_pool": [],
            "warm_pool_size": 0
          },
          "sensitive_attributes": [],
          "identity_schema_version": 0,
          "private": "eyJlMmJmYjczMC1lY2FhLTExZTYtOGY4OC0zNDM2M2JjN2M0YzAiOnsiZGVsZXRlIjo2MDAwMDAwMDAwMDAsInVwZGF0ZSI6NjAwMDAwMDAwMDAwfX0=",
          "dependencies": [
            "data.aws_subnets.default_subnets",
            "data.aws_vpc.default",
            "module.asg.aws_launch_template.web_template",
            "module.asg.aws_lb_target_group.web_tg",
            "module.iam.aws_iam_instance_profile.group_168_profile",
            "module.iam.aws_iam_role.group_168_iam_role_name",
            "module.network.aws_security_group.alb",
            "module.network.aws_security_group.asg",
            "module.network.aws_security_group.db",
            "module.rds.aws_db_instance.course_db",
            "module.rds.aws_db_subnet_group.course_db_subnet_group"
          ]
        }
      ]
    },
    {
      "module": "module.asg",
      "mode": "managed",
      "type": "aws_launch_template",
      "name": "web_template",
      "provider": "provider[\"registry.terraform.io/hashicorp/aws\"]",
      "instances": [
        {
          "schema_version": 0,
          "attributes": {
            "arn": "arn:aws:ec2:ap-southeast-2:000576340633:launch-template/lt-04f41ccfcff8607fb",
            "block_device_mappings": [],
            "capacity_reservation_specification": [],
            "cpu_options": [],
            "credit_specification": [],
            "default_version": 1,
            "description": "",
            "disable_api_stop": false,
            "disable_api_termination": false,
            "ebs_optimized": "",
            "elastic_gpu_specifications": [],
            "elastic_inference_accelerator": [],
            "enclave_options": [],
            "hibernation_options": [],
            "iam_instance_profile": [
              {
                "arn": "",
                "name": "group_168_instance_profile"
              }
            ],
            "id": "lt-04f41ccfcff8607fb",
            "image_id": "ami-010876b9ddd38475e",
            "instance_initiated_shutdown_behavior": "",
            "instance_market_options": [],
            "instance_requirements": [],
            "instance_type": "t2.micro",
            "kernel_id": "",
            "key_name": "Bopha",
            "latest_version": 1,
            "license_specification": [],
            "maintenance_options": [],
            "metadata_options": [],
            "monitoring": [],
            "name": "my-web20250716090618298700000001",
            "name_prefix": "my-web",
            "network_interfaces": [],
            "placement": [],
            "private_dns_name_options": [],
            "ram_disk_id": "",
            "security_group_names": null,
            "tag_specifications": [
              {
                "resource_type": "instance",
                "tags": {
                  "Name": "MyWebInstance"
                }
              }
            ],
            "tags": null,
            "tags_all": {},
            "update_default_version": null,
            "user_data": "IyEvYmluL2Jhc2gNCmV4ZWMgPiAvdmFyL2xvZy91c2VyLWRhdGEubG9nIDI+JjENCnNldCAteA0KDQojIFVwZGF0ZSBzeXN0ZW0NCmFwdCB1cGRhdGUgLXkNCmFwdCBpbnN0YWxsIC15IG5vZGVqcyBucG0gZ2l0IG5naW54IG15c3FsLWNsaWVudA0KDQojIFN0YXJ0IE5naW54DQpzeXN0ZW1jdGwgZW5hYmxlIG5naW54DQpzeXN0ZW1jdGwgc3RhcnQgbmdpbngNCg0KIyBDb25maWd1cmUgTmdpbngNCmNhdCA8PEVPTCA+IC9ldGMvbmdpbngvc2l0ZXMtYXZhaWxhYmxlL2RlZmF1bHQNCnNlcnZlciB7DQogICAgbGlzdGVuIDgwIGRlZmF1bHRfc2VydmVyOw0KICAgIGxpc3RlbiBbOjpdOjgwIGRlZmF1bHRfc2VydmVyOw0KICAgIHNlcnZlcl9uYW1lIF87DQoNCiAgICBsb2NhdGlvbiAvIHsNCiAgICAgICAgcHJveHlfcGFzcyBodHRwOi8vbG9jYWxob3N0OjMwMDA7DQogICAgICAgIHByb3h5X2h0dHBfdmVyc2lvbiAxLjE7DQogICAgICAgIHByb3h5X3NldF9oZWFkZXIgSG9zdCBcJGhvc3Q7DQogICAgICAgIHByb3h5X3NldF9oZWFkZXIgWC1SZWFsLUlQIFwkcmVtb3RlX2FkZHI7DQogICAgICAgIHByb3h5X3NldF9oZWFkZXIgWC1Gb3J3YXJkZWQtRm9yIFwkcHJveHlfYWRkX3hfZm9yd2FyZGVkX2ZvcjsNCiAgICAgICAgcHJveHlfc2V0X2hlYWRlciBYLUZvcndhcmRlZC1Qcm90byBcJHNjaGVtZTsNCiAgICB9DQp9DQpFT0wNCg0Kc3lzdGVtY3RsIHJlc3RhcnQgbmdpbngNCg0KIyBDbG9uZSBhcHANCmNkIC9ob21lL3VidW50dQ0KZ2l0IGNsb25lIGh0dHBzOi8vZ2l0aHViLmNvbS9SaW5ueUREL0Nsb3VkQ29tcHV0aW5nLmdpdCBhcHANCmNob3duIC1SIHVidW50dTp1YnVudHUgL2hvbWUvdWJ1bnR1L2FwcA0KY2QgYXBwDQoNCiMgQ3JlYXRlIC5lbnYNCmNhdCA8PEVPTCA+IC5lbnYNCkRCX0hPU1Q9Y291cnNlLWRhdGFiYXNlLmNwMHEybXlxYzZ5Ny5hcC1zb3V0aGVhc3QtMi5yZHMuYW1hem9uYXdzLmNvbQ0KREJfUE9SVD0zMzA2DQpEQl9VU0VSPVRlYW1OSA0KREJfUEFTUz1UZWFtTkhEYXRhYmFzZVBhc3N3b3JkMjAyNSENCkRCX05BTUU9Y291cnNlDQoNCkFETUlOX1VTRVJOQU1FPVRlYW1OSEFkbWluDQpBRE1JTl9QQVNTV09SRD1UZWFtTkhpc0RhQmVzdEAxNjgNCg0KQVdTX0FDQ0VTU19LRVlfSUQ9QUtJQVFBSVMySUtNM0VXN0dSS0kNCkFXU19TRUNSRVRfQUNDRVNTX0tFWT14MUVQSW1uZEZXME9YNEdJUWNsWjRGaDNld2JjWUpHWDBMY3R3c0h0DQpBV1NfUkVHSU9OPWFwLXNvdXRoZWFzdC0yDQpBV1NfUzNfQlVDS0VUPXRlYW1uaC1jb3Vyc2UtYnVja2V0LTE2OA0KQVdTX1MzX0JVQ0tFVF9VUkw9aHR0cHM6Ly90ZWFtbmgtY291cnNlLWJ1Y2tldC0xNjguczMuYXAtc291dGhlYXN0LTIuYW1hem9uYXdzLmNvbS8NCg0KR09PR0xFX0NMSUVOVF9JRD00OTA2ODI3MDY5MDgtMWI3aTM4Z3JraWtxcXZnMGppbzM2bHJvYzNnM2djaGsuYXBwcy5nb29nbGV1c2VyY29udGVudC5jb20NCkdPT0dMRV9DTElFTlRfU0VDUkVUPUdPQ1NQWC1pVlFnb1dpODFVRWlZQnY4ZThuWFgxRWdNTzY0DQoNCkZBQ0VCT09LX0FQUF9JRD01Nzk1NTI0MjE2MDU1MDANCkZBQ0VCT09LX0FQUF9TRUNSRVQ9OThkNjE4ZTljNTYyMWFjYjRlOTA2MjkyY2YyMDI1MWINCkVPTA0KDQojIEluc3RhbGwgZGVwZW5kZW5jaWVzDQpucG0gaW5zdGFsbCB8fCBleGl0IDENCg0KIyBTdGFydCBOb2RlLmpzIGFwcA0Kbm9odXAgbm9kZSBhcHAuanMgPiBhcHAubG9nIDI+JjEgJg0KDQojIE9wdGlvbmFsOiB3YWl0IGZvciBOb2RlIHRvIHN0YXJ0DQpzbGVlcCAyMA0KDQojIE9wdGlvbmFsOiBUcnkgaW1wb3J0aW5nIGNvdXJzZS5zcWwgaWYgaXQgZXhpc3RzDQoNCmlmIG15c3FsIC1oIGNvdXJzZS1kYXRhYmFzZS5jcDBxMm15cWM2eTcuYXAtc291dGhlYXN0LTIucmRzLmFtYXpvbmF3cy5jb20gLVAgMzMwNiAtdSBUZWFtTkggLXBUZWFtTkhEYXRhYmFzZVBhc3N3b3JkMjAyNSEgLWUgIlVTRSBjb3Vyc2U7IFNIT1cgVEFCTEVTIExJS0UgJ2NvdXJzZXMnOyBTSE9XIFRBQkxFUyBMSUtFICd1c2Vycyc7IiB8IGdyZXAgLXEgJ2NvdXJzZXMnICYmIFwNCiAgIG15c3FsIC1oIGNvdXJzZS1kYXRhYmFzZS5jcDBxMm15cWM2eTcuYXAtc291dGhlYXN0LTIucmRzLmFtYXpvbmF3cy5jb20gLVAgMzMwNiAtdSBUZWFtTkggLXBUZWFtTkhEYXRhYmFzZVBhc3N3b3JkMjAyNSEgLWUgIlVTRSBjb3Vyc2U7IFNIT1cgVEFCTEVTIExJS0UgJ3VzZXJzJzsiIHwgZ3JlcCAtcSAndXNlcnMnOyB0aGVuDQogIGJyZWFrDQplbHNlDQogIGlmIFsgLWYgL2hvbWUvdWJ1bnR1L2FwcC9jb3Vyc2Uuc3FsIF07IHRoZW4NCiAgICBteXNxbCAtaCBjb3Vyc2UtZGF0YWJhc2UuY3AwcTJteXFjNnk3LmFwLXNvdXRoZWFzdC0yLnJkcy5hbWF6b25hd3MuY29tIC1QIDMzMDYgLXUgVGVhbU5IIC1wVGVhbU5IRGF0YWJhc2VQYXNzd29yZDIwMjUhIDwgL2hvbWUvdWJ1bnR1L2FwcC9jb3Vyc2Uuc3FsIHx8IHRydWUNCiAgZmkNCmZpDQoNCg==",
            "vpc_security_group_ids": [
              "sg-06719ef38acd33509"
            ]
          },
          "sensitive_attributes": [],
          "identity_schema_version": 0,
          "private": "bnVsbA==",
          "dependencies": [
            "data.aws_subnets.default_subnets",
            "data.aws_vpc.default",
            "module.iam.aws_iam_instance_profile.group_168_profile",
            "module.iam.aws_iam_role.group_168_iam_role_name",
            "module.network.aws_security_group.alb",
            "module.network.aws_security_group.asg",
            "module.network.aws_security_group.db",
            "module.rds.aws_db_instance.course_db",
            "module.rds.aws_db_subnet_group.course_db_subnet_group"
          ]
        }
      ]
    },
    {
      "module": "module.asg",
      "mode": "managed",
      "type": "aws_lb_target_group",
      "name": "web_tg",
      "provider": "provider[\"registry.terraform.io/hashicorp/aws\"]",
      "instances": [
        {
          "schema_version": 0,
          "attributes": {
            "arn": "arn:aws:elasticloadbalancing:ap-southeast-2:000576340633:targetgroup/web-tg/699aa8261913fb4c",
            "arn_suffix": "targetgroup/web-tg/699aa8261913fb4c",
            "connection_termination": false,
            "deregistration_delay": "300",
            "health_check": [
              {
                "enabled": true,
                "healthy_threshold": 2,
                "interval": 30,
                "matcher": "200-299",
                "path": "/",
                "port": "traffic-port",
                "protocol": "HTTP",
                "timeout": 10,
                "unhealthy_threshold": 5
              }
            ],
            "id": "arn:aws:elasticloadbalancing:ap-southeast-2:000576340633:targetgroup/web-tg/699aa8261913fb4c",
            "ip_address_type": "ipv4",
            "lambda_multi_value_headers_enabled": false,
            "load_balancing_algorithm_type": "round_robin",
            "load_balancing_cross_zone_enabled": "use_load_balancer_configuration",
            "name": "web-tg",
            "name_prefix": null,
            "port": 80,
            "preserve_client_ip": null,
            "protocol": "HTTP",
            "protocol_version": "HTTP1",
            "proxy_protocol_v2": false,
            "slow_start": 0,
            "stickiness": [
              {
                "cookie_duration": 86400,
                "cookie_name": "",
                "enabled": true,
                "type": "lb_cookie"
              }
            ],
            "tags": {},
            "tags_all": {},
            "target_failover": [
              {
                "on_deregistration": null,
                "on_unhealthy": null
              }
            ],
            "target_type": "instance",
            "vpc_id": "vpc-0532763e9ffcf655d"
          },
          "sensitive_attributes": [],
          "identity_schema_version": 0,
          "private": "bnVsbA==",
          "dependencies": [
            "data.aws_vpc.default"
          ]
        }
      ]
    },
    {
      "module": "module.cloudwatch",
      "mode": "managed",
      "type": "aws_cloudwatch_log_group",
      "name": "web_logs",
      "provider": "provider[\"registry.terraform.io/hashicorp/aws\"]",
      "instances": [
        {
          "schema_version": 0,
          "attributes": {
            "arn": "arn:aws:logs:ap-southeast-2:000576340633:log-group:log-group",
            "id": "log-group",
            "kms_key_id": "",
            "name": "log-group",
            "name_prefix": "",
            "retention_in_days": 7,
            "skip_destroy": false,
            "tags": {},
            "tags_all": {}
          },
          "sensitive_attributes": [],
          "identity_schema_version": 0,
          "private": "bnVsbA=="
        }
      ]
    },
    {
      "module": "module.cloudwatch",
      "mode": "managed",
      "type": "aws_cloudwatch_metric_alarm",
      "name": "high_cpu_asg_alarm",
      "provider": "provider[\"registry.terraform.io/hashicorp/aws\"]",
      "instances": [
        {
          "schema_version": 1,
          "attributes": {
            "actions_enabled": true,
            "alarm_actions": [
              "arn:aws:sns:ap-southeast-2:000576340633:high_cpu_alerts"
            ],
            "alarm_description": "Triggers when average CPU \u003e threshold for ASG",
            "alarm_name": "HighCPU-ASG",
            "arn": "arn:aws:cloudwatch:ap-southeast-2:000576340633:alarm:HighCPU-ASG",
            "comparison_operator": "GreaterThanThreshold",
            "datapoints_to_alarm": 0,
            "dimensions": {
              "AutoScalingGroupName": "my-web-asg"
            },
            "evaluate_low_sample_count_percentiles": "",
            "evaluation_periods": 2,
            "extended_statistic": "",
            "id": "HighCPU-ASG",
            "insufficient_data_actions": null,
            "metric_name": "CPUUtilization",
            "metric_query": [],
            "namespace": "AWS/EC2",
            "ok_actions": null,
            "period": 300,
            "statistic": "Average",
            "tags": null,
            "tags_all": {},
            "threshold": 70,
            "threshold_metric_id": "",
            "treat_missing_data": "missing",
            "unit": ""
          },
          "sensitive_attributes": [],
          "identity_schema_version": 0,
          "private": "eyJzY2hlbWFfdmVyc2lvbiI6IjEifQ==",
          "dependencies": [
            "data.aws_subnets.default_subnets",
            "data.aws_vpc.default",
            "module.asg.aws_autoscaling_group.my-web-asg",
            "module.asg.aws_launch_template.web_template",
            "module.asg.aws_lb_target_group.web_tg",
            "module.cloudwatch.aws_sns_topic.alert_topic",
            "module.iam.aws_iam_instance_profile.group_168_profile",
            "module.iam.aws_iam_role.group_168_iam_role_name",
            "module.network.aws_security_group.alb",
            "module.network.aws_security_group.asg",
            "module.network.aws_security_group.db",
            "module.rds.aws_db_instance.course_db",
            "module.rds.aws_db_subnet_group.course_db_subnet_group"
          ]
        }
      ]
    },
    {
      "module": "module.cloudwatch",
      "mode": "managed",
      "type": "aws_sns_topic",
      "name": "alert_topic",
      "provider": "provider[\"registry.terraform.io/hashicorp/aws\"]",
      "instances": [
        {
          "schema_version": 0,
          "attributes": {
            "application_failure_feedback_role_arn": "",
            "application_success_feedback_role_arn": "",
            "application_success_feedback_sample_rate": 0,
            "arn": "arn:aws:sns:ap-southeast-2:000576340633:high_cpu_alerts",
            "content_based_deduplication": false,
            "delivery_policy": "",
            "display_name": "",
            "fifo_topic": false,
            "firehose_failure_feedback_role_arn": "",
            "firehose_success_feedback_role_arn": "",
            "firehose_success_feedback_sample_rate": 0,
            "http_failure_feedback_role_arn": "",
            "http_success_feedback_role_arn": "",
            "http_success_feedback_sample_rate": 0,
            "id": "arn:aws:sns:ap-southeast-2:000576340633:high_cpu_alerts",
            "kms_master_key_id": "",
            "lambda_failure_feedback_role_arn": "",
            "lambda_success_feedback_role_arn": "",
            "lambda_success_feedback_sample_rate": 0,
            "name": "high_cpu_alerts",
            "name_prefix": "",
            "owner": "000576340633",
            "policy": "{\"Id\":\"__default_policy_ID\",\"Statement\":[{\"Action\":[\"SNS:GetTopicAttributes\",\"SNS:SetTopicAttributes\",\"SNS:AddPermission\",\"SNS:RemovePermission\",\"SNS:DeleteTopic\",\"SNS:Subscribe\",\"SNS:ListSubscriptionsByTopic\",\"SNS:Publish\"],\"Condition\":{\"StringEquals\":{\"AWS:SourceOwner\":\"000576340633\"}},\"Effect\":\"Allow\",\"Principal\":{\"AWS\":\"*\"},\"Resource\":\"arn:aws:sns:ap-southeast-2:000576340633:high_cpu_alerts\",\"Sid\":\"__default_statement_ID\"}],\"Version\":\"2008-10-17\"}",
            "signature_version": 0,
            "sqs_failure_feedback_role_arn": "",
            "sqs_success_feedback_role_arn": "",
            "sqs_success_feedback_sample_rate": 0,
            "tags": null,
            "tags_all": {},
            "tracing_config": ""
          },
          "sensitive_attributes": [],
          "identity_schema_version": 0,
          "private": "bnVsbA=="
        }
      ]
    },
    {
      "module": "module.cloudwatch",
      "mode": "managed",
      "type": "aws_sns_topic_subscription",
      "name": "email_sub",
      "provider": "provider[\"registry.terraform.io/hashicorp/aws\"]",
      "instances": [
        {
          "schema_version": 0,
          "attributes": {
            "arn": "arn:aws:sns:ap-southeast-2:000576340633:high_cpu_alerts:fc621e72-c1f8-485e-8ae2-f0e770528517",
            "confirmation_timeout_in_minutes": 1,
            "confirmation_was_authenticated": false,
            "delivery_policy": "",
            "endpoint": "jkkinin360@gmail.com",
            "endpoint_auto_confirms": false,
            "filter_policy": "",
            "filter_policy_scope": "",
            "id": "arn:aws:sns:ap-southeast-2:000576340633:high_cpu_alerts:fc621e72-c1f8-485e-8ae2-f0e770528517",
            "owner_id": "000576340633",
            "pending_confirmation": true,
            "protocol": "email",
            "raw_message_delivery": false,
            "redrive_policy": "",
            "subscription_role_arn": "",
            "topic_arn": "arn:aws:sns:ap-southeast-2:000576340633:high_cpu_alerts"
          },
          "sensitive_attributes": [],
          "identity_schema_version": 0,
          "private": "bnVsbA==",
          "dependencies": [
            "module.cloudwatch.aws_sns_topic.alert_topic"
          ]
        }
      ]
    },
    {
      "module": "module.iam",
      "mode": "managed",
      "type": "aws_iam_instance_profile",
      "name": "group_168_profile",
      "provider": "provider[\"registry.terraform.io/hashicorp/aws\"]",
      "instances": [
        {
          "schema_version": 0,
          "attributes": {
            "arn": "arn:aws:iam::000576340633:instance-profile/group_168_instance_profile",
            "create_date": "2025-07-16T08:57:11Z",
            "id": "group_168_instance_profile",
            "name": "group_168_instance_profile",
            "name_prefix": "",
            "path": "/",
            "role": "group_168_iam_role",
            "tags": {},
            "tags_all": {},
            "unique_id": "AIPAQAIS2IKMZ4LO3POWD"
          },
          "sensitive_attributes": [],
          "identity_schema_version": 0,
          "private": "bnVsbA==",
          "dependencies": [
            "module.iam.aws_iam_role.group_168_iam_role_name"
          ]
        }
      ]
    },
    {
      "module": "module.iam",
      "mode": "managed",
      "type": "aws_iam_policy",
      "name": "group_168_policy_name",
      "provider": "provider[\"registry.terraform.io/hashicorp/aws\"]",
      "instances": [
        {
          "schema_version": 0,
          "attributes": {
            "arn": "arn:aws:iam::000576340633:policy/group_168_policy",
            "description": "Allow EC2 to read from specific S3 bucket",
            "id": "arn:aws:iam::000576340633:policy/group_168_policy",
            "name": "group_168_policy",
            "name_prefix": "",
            "path": "/",
            "policy": "{\"Statement\":[{\"Action\":[\"s3:ListBucket\",\"s3:GetObject\",\"s3:PutObject\",\"s3:DeleteObject\"],\"Effect\":\"Allow\",\"Resource\":[\"arn:aws:s3:::teamnh-course-bucket-168\",\"arn:aws:s3:::teamnh-course-bucket-168/*\"]}],\"Version\":\"2012-10-17\"}",
            "policy_id": "ANPAQAIS2IKM2UJEQ5MSU",
            "tags": {},
            "tags_all": {}
          },
          "sensitive_attributes": [],
          "identity_schema_version": 0,
          "private": "bnVsbA=="
        }
      ]
    },
    {
      "module": "module.iam",
      "mode": "managed",
      "type": "aws_iam_role",
      "name": "group_168_iam_role_name",
      "provider": "provider[\"registry.terraform.io/hashicorp/aws\"]",
      "instances": [
        {
          "schema_version": 0,
          "attributes": {
            "arn": "arn:aws:iam::000576340633:role/group_168_iam_role",
            "assume_role_policy": "{\"Statement\":[{\"Action\":\"sts:AssumeRole\",\"Effect\":\"Allow\",\"Principal\":{\"Service\":\"ec2.amazonaws.com\"}}],\"Version\":\"2012-10-17\"}",
            "create_date": "2025-07-16T08:57:10Z",
            "description": "",
            "force_detach_policies": false,
            "id": "group_168_iam_role",
            "inline_policy": [],
            "managed_policy_arns": [
              "arn:aws:iam::000576340633:policy/group_168_policy"
            ],
            "max_session_duration": 3600,
            "name": "group_168_iam_role",
            "name_prefix": "",
            "path": "/",
            "permissions_boundary": null,
            "role_last_used": [
              {
                "last_used_date": "",
                "region": ""
              }
            ],
            "tags": {},
            "tags_all": {},
            "unique_id": "AROAQAIS2IKMQ2RECND5Z"
          },
          "sensitive_attributes": [],
          "identity_schema_version": 0,
          "private": "bnVsbA=="
        }
      ]
    },
    {
      "module": "module.iam",
      "mode": "managed",
      "type": "aws_iam_role_policy_attachment",
      "name": "attach_policy",
      "provider": "provider[\"registry.terraform.io/hashicorp/aws\"]",
      "instances": [
        {
          "schema_version": 0,
          "attributes": {
            "id": "group_168_iam_role-20250716085637010400000001",
            "policy_arn": "arn:aws:iam::000576340633:policy/group_168_policy",
            "role": "group_168_iam_role"
          },
          "sensitive_attributes": [],
          "identity_schema_version": 0,
          "private": "bnVsbA==",
          "dependencies": [
            "module.iam.aws_iam_policy.group_168_policy_name",
            "module.iam.aws_iam_role.group_168_iam_role_name"
          ]
        }
      ]
    },
    {
      "module": "module.lb",
      "mode": "managed",
      "type": "aws_lb",
      "name": "app_lb",
      "provider": "provider[\"registry.terraform.io/hashicorp/aws\"]",
      "instances": [
        {
          "schema_version": 0,
          "attributes": {
            "access_logs": [
              {
                "bucket": "",
                "enabled": false,
                "prefix": ""
              }
            ],
            "arn": "arn:aws:elasticloadbalancing:ap-southeast-2:000576340633:loadbalancer/app/web-app-lb/f537ca93881c2117",
            "arn_suffix": "app/web-app-lb/f537ca93881c2117",
            "customer_owned_ipv4_pool": "",
            "desync_mitigation_mode": "defensive",
            "dns_name": "web-app-lb-488509824.ap-southeast-2.elb.amazonaws.com",
            "drop_invalid_header_fields": false,
            "enable_cross_zone_load_balancing": true,
            "enable_deletion_protection": false,
            "enable_http2": true,
            "enable_tls_version_and_cipher_suite_headers": false,
            "enable_waf_fail_open": false,
            "enable_xff_client_port": false,
            "id": "arn:aws:elasticloadbalancing:ap-southeast-2:000576340633:loadbalancer/app/web-app-lb/f537ca93881c2117",
            "idle_timeout": 60,
            "internal": false,
            "ip_address_type": "ipv4",
            "load_balancer_type": "application",
            "name": "web-app-lb",
            "name_prefix": null,
            "preserve_host_header": false,
            "security_groups": [
              "sg-02b67e0874dfbeb87"
            ],
            "subnet_mapping": [
              {
                "allocation_id": "",
                "ipv6_address": "",
                "outpost_id": "",
                "private_ipv4_address": "",
                "subnet_id": "subnet-01e9119d95bdf3ba0"
              },
              {
                "allocation_id": "",
                "ipv6_address": "",
                "outpost_id": "",
                "private_ipv4_address": "",
                "subnet_id": "subnet-047072d6572aa78a2"
              },
              {
                "allocation_id": "",
                "ipv6_address": "",
                "outpost_id": "",
                "private_ipv4_address": "",
                "subnet_id": "subnet-07984e5409489862b"
              }
            ],
            "subnets": [
              "subnet-01e9119d95bdf3ba0",
              "subnet-047072d6572aa78a2",
              "subnet-07984e5409489862b"
            ],
            "tags": {
              "Name": "Web-App-LB"
            },
            "tags_all": {
              "Name": "Web-App-LB"
            },
            "timeouts": null,
            "vpc_id": "vpc-0532763e9ffcf655d",
            "xff_header_processing_mode": "append",
            "zone_id": "Z1GM3OXH4ZPM65"
          },
          "sensitive_attributes": [],
          "identity_schema_version": 0,
          "private": "eyJlMmJmYjczMC1lY2FhLTExZTYtOGY4OC0zNDM2M2JjN2M0YzAiOnsiY3JlYXRlIjo2MDAwMDAwMDAwMDAsImRlbGV0ZSI6NjAwMDAwMDAwMDAwLCJ1cGRhdGUiOjYwMDAwMDAwMDAwMH19",
          "dependencies": [
            "data.aws_subnets.default_subnets",
            "data.aws_vpc.default",
            "module.network.aws_security_group.alb"
          ]
        }
      ]
    },
    {
      "module": "module.lb",
      "mode": "managed",
      "type": "aws_lb_listener",
      "name": "http_listener",
      "provider": "provider[\"registry.terraform.io/hashicorp/aws\"]",
      "instances": [
        {
          "schema_version": 0,
          "attributes": {
            "alpn_policy": null,
            "arn": "arn:aws:elasticloadbalancing:ap-southeast-2:000576340633:listener/app/web-app-lb/f537ca93881c2117/183f6865bf7a4bd2",
            "certificate_arn": null,
            "default_action": [
              {
                "authenticate_cognito": [],
                "authenticate_oidc": [],
                "fixed_response": [],
                "forward": [],
                "order": 1,
                "redirect": [],
                "target_group_arn": "arn:aws:elasticloadbalancing:ap-southeast-2:000576340633:targetgroup/web-tg/699aa8261913fb4c",
                "type": "forward"
              }
            ],
            "id": "arn:aws:elasticloadbalancing:ap-southeast-2:000576340633:listener/app/web-app-lb/f537ca93881c2117/183f6865bf7a4bd2",
            "load_balancer_arn": "arn:aws:elasticloadbalancing:ap-southeast-2:000576340633:loadbalancer/app/web-app-lb/f537ca93881c2117",
            "port": 80,
            "protocol": "HTTP",
            "ssl_policy": "",
            "tags": null,
            "tags_all": {},
            "timeouts": null
          },
          "sensitive_attributes": [],
          "identity_schema_version": 0,
          "private": "eyJlMmJmYjczMC1lY2FhLTExZTYtOGY4OC0zNDM2M2JjN2M0YzAiOnsicmVhZCI6NjAwMDAwMDAwMDAwfX0=",
          "dependencies": [
            "data.aws_subnets.default_subnets",
            "data.aws_vpc.default",
            "module.asg.aws_lb_target_group.web_tg",
            "module.lb.aws_lb.app_lb",
            "module.network.aws_security_group.alb"
          ]
        }
      ]
    },
    {
      "module": "module.network",
      "mode": "managed",
      "type": "aws_security_group",
      "name": "alb",
      "provider": "provider[\"registry.terraform.io/hashicorp/aws\"]",
      "instances": [
        {
          "schema_version": 1,
          "attributes": {
            "arn": "arn:aws:ec2:ap-southeast-2:000576340633:security-group/sg-02b67e0874dfbeb87",
            "description": "Allow HTTP/HTTPS to ALB",
            "egress": [
              {
                "cidr_blocks": [
                  "0.0.0.0/0"
                ],
                "description": "",
                "from_port": 0,
                "ipv6_cidr_blocks": [],
                "prefix_list_ids": [],
                "protocol": "-1",
                "security_groups": [],
                "self": false,
                "to_port": 0
              }
            ],
            "id": "sg-02b67e0874dfbeb87",
            "ingress": [
              {
                "cidr_blocks": [
                  "0.0.0.0/0"
                ],
                "description": "",
                "from_port": 443,
                "ipv6_cidr_blocks": [],
                "prefix_list_ids": [],
                "protocol": "tcp",
                "security_groups": [],
                "self": false,
                "to_port": 443
              },
              {
                "cidr_blocks": [
                  "0.0.0.0/0"
                ],
                "description": "",
                "from_port": 80,
                "ipv6_cidr_blocks": [],
                "prefix_list_ids": [],
                "protocol": "tcp",
                "security_groups": [],
                "self": false,
                "to_port": 80
              }
            ],
            "name": "alb-sg",
            "name_prefix": "",
            "owner_id": "000576340633",
            "revoke_rules_on_delete": false,
            "tags": {},
            "tags_all": {},
            "timeouts": null,
            "vpc_id": "vpc-0532763e9ffcf655d"
          },
          "sensitive_attributes": [],
          "identity_schema_version": 0,
          "private": "eyJlMmJmYjczMC1lY2FhLTExZTYtOGY4OC0zNDM2M2JjN2M0YzAiOnsiY3JlYXRlIjo2MDAwMDAwMDAwMDAsImRlbGV0ZSI6OTAwMDAwMDAwMDAwfSwic2NoZW1hX3ZlcnNpb24iOiIxIn0=",
          "dependencies": [
            "data.aws_vpc.default"
          ]
        }
      ]
    },
    {
      "module": "module.network",
      "mode": "managed",
      "type": "aws_security_group",
      "name": "asg",
      "provider": "provider[\"registry.terraform.io/hashicorp/aws\"]",
      "instances": [
        {
          "schema_version": 1,
          "attributes": {
            "arn": "arn:aws:ec2:ap-southeast-2:000576340633:security-group/sg-06719ef38acd33509",
            "description": "Allow traffic only from ALB + SSH from trusted IPs",
            "egress": [
              {
                "cidr_blocks": [
                  "0.0.0.0/0"
                ],
                "description": "",
                "from_port": 0,
                "ipv6_cidr_blocks": [],
                "prefix_list_ids": [],
                "protocol": "-1",
                "security_groups": [],
                "self": false,
                "to_port": 0
              }
            ],
            "id": "sg-06719ef38acd33509",
            "ingress": [
              {
                "cidr_blocks": [
                  "0.0.0.0/0"
                ],
                "description": "",
                "from_port": 22,
                "ipv6_cidr_blocks": [],
                "prefix_list_ids": [],
                "protocol": "tcp",
                "security_groups": [],
                "self": false,
                "to_port": 22
              },
              {
                "cidr_blocks": [],
                "description": "",
                "from_port": 80,
                "ipv6_cidr_blocks": [],
                "prefix_list_ids": [],
                "protocol": "tcp",
                "security_groups": [
                  "sg-02b67e0874dfbeb87"
                ],
                "self": false,
                "to_port": 80
              }
            ],
            "name": "asg-sg",
            "name_prefix": "",
            "owner_id": "000576340633",
            "revoke_rules_on_delete": false,
            "tags": {},
            "tags_all": {},
            "timeouts": null,
            "vpc_id": "vpc-0532763e9ffcf655d"
          },
          "sensitive_attributes": [],
          "identity_schema_version": 0,
          "private": "eyJlMmJmYjczMC1lY2FhLTExZTYtOGY4OC0zNDM2M2JjN2M0YzAiOnsiY3JlYXRlIjo2MDAwMDAwMDAwMDAsImRlbGV0ZSI6OTAwMDAwMDAwMDAwfSwic2NoZW1hX3ZlcnNpb24iOiIxIn0=",
          "dependencies": [
            "data.aws_vpc.default",
            "module.network.aws_security_group.alb"
          ]
        }
      ]
    },
    {
      "module": "module.network",
      "mode": "managed",
      "type": "aws_security_group",
      "name": "db",
      "provider": "provider[\"registry.terraform.io/hashicorp/aws\"]",
      "instances": [
        {
          "schema_version": 1,
          "attributes": {
            "arn": "arn:aws:ec2:ap-southeast-2:000576340633:security-group/sg-02f4bcceebbe64051",
            "description": "Allow traffic only from ASG instances",
            "egress": [
              {
                "cidr_blocks": [
                  "0.0.0.0/0"
                ],
                "description": "",
                "from_port": 0,
                "ipv6_cidr_blocks": [],
                "prefix_list_ids": [],
                "protocol": "-1",
                "security_groups": [],
                "self": false,
                "to_port": 0
              }
            ],
            "id": "sg-02f4bcceebbe64051",
            "ingress": [
              {
                "cidr_blocks": [
                  "0.0.0.0/0"
                ],
                "description": "",
                "from_port": 0,
                "ipv6_cidr_blocks": [],
                "prefix_list_ids": [],
                "protocol": "-1",
                "security_groups": [],
                "self": false,
                "to_port": 0
              }
            ],
            "name": "db-sg",
            "name_prefix": "",
            "owner_id": "000576340633",
            "revoke_rules_on_delete": false,
            "tags": {
              "Name": "db-sg"
            },
            "tags_all": {
              "Name": "db-sg"
            },
            "timeouts": null,
            "vpc_id": "vpc-0532763e9ffcf655d"
          },
          "sensitive_attributes": [],
          "identity_schema_version": 0,
          "private": "eyJlMmJmYjczMC1lY2FhLTExZTYtOGY4OC0zNDM2M2JjN2M0YzAiOnsiY3JlYXRlIjo2MDAwMDAwMDAwMDAsImRlbGV0ZSI6OTAwMDAwMDAwMDAwfSwic2NoZW1hX3ZlcnNpb24iOiIxIn0=",
          "dependencies": [
            "data.aws_vpc.default"
          ]
        }
      ]
    },
    {
      "module": "module.rds",
      "mode": "managed",
      "type": "aws_db_instance",
      "name": "course_db",
      "provider": "module.rds.provider[\"registry.terraform.io/hashicorp/aws\"]",
      "instances": [
        {
          "schema_version": 1,
          "attributes": {
            "address": "course-database.cp0q2myqc6y7.ap-southeast-2.rds.amazonaws.com",
            "allocated_storage": 20,
            "allow_major_version_upgrade": null,
            "apply_immediately": false,
            "arn": "arn:aws:rds:ap-southeast-2:000576340633:db:course-database",
            "auto_minor_version_upgrade": true,
            "availability_zone": "ap-southeast-2b",
            "backup_retention_period": 7,
            "backup_window": "13:10-13:40",
            "blue_green_update": [],
            "ca_cert_identifier": "rds-ca-rsa2048-g1",
            "character_set_name": "",
            "copy_tags_to_snapshot": false,
            "custom_iam_instance_profile": "",
            "customer_owned_ip_enabled": false,
            "db_name": "course",
            "db_subnet_group_name": "course-db-subnet-group",
            "delete_automated_backups": true,
            "deletion_protection": false,
            "domain": "",
            "domain_iam_role_name": "",
            "enabled_cloudwatch_logs_exports": null,
            "endpoint": "course-database.cp0q2myqc6y7.ap-southeast-2.rds.amazonaws.com:3306",
            "engine": "mysql",
            "engine_version": "8.0",
            "engine_version_actual": "8.0.41",
            "final_snapshot_identifier": null,
            "hosted_zone_id": "Z32T0VRHXEXS0V",
            "iam_database_authentication_enabled": false,
            "id": "course-database",
            "identifier": "course-database",
            "identifier_prefix": "",
            "instance_class": "db.t3.micro",
            "iops": 0,
            "kms_key_id": "arn:aws:kms:ap-southeast-2:000576340633:key/c4a745db-238a-4ea8-a6af-340acc0af76e",
            "latest_restorable_time": "2025-07-16T09:04:27Z",
            "license_model": "general-public-license",
            "listener_endpoint": [],
            "maintenance_window": "sun:12:20-sun:12:50",
            "manage_master_user_password": null,
            "master_user_secret": [],
            "master_user_secret_kms_key_id": null,
            "max_allocated_storage": 0,
            "monitoring_interval": 0,
            "monitoring_role_arn": "",
            "multi_az": false,
            "name": "course",
            "nchar_character_set_name": "",
            "network_type": "IPV4",
            "option_group_name": "default:mysql-8-0",
            "parameter_group_name": "default.mysql8.0",
            "password": "TeamNHDatabasePassword2025!",
            "performance_insights_enabled": false,
            "performance_insights_kms_key_id": "",
            "performance_insights_retention_period": 0,
            "port": 3306,
            "publicly_accessible": true,
            "replica_mode": "",
            "replicas": [],
            "replicate_source_db": "",
            "resource_id": "db-CFUQUVY4DJLEX4ZDX5GYOFDC7M",
            "restore_to_point_in_time": [],
            "s3_import": [],
            "security_group_names": null,
            "skip_final_snapshot": true,
            "snapshot_identifier": null,
            "status": "available",
            "storage_encrypted": true,
            "storage_throughput": 0,
            "storage_type": "gp2",
            "tags": {
              "Name": "course-db"
            },
            "tags_all": {
              "Name": "course-db"
            },
            "timeouts": null,
            "timezone": "",
            "username": "TeamNH",
            "vpc_security_group_ids": [
              "sg-02f4bcceebbe64051"
            ]
          },
          "sensitive_attributes": [
            [
              {
                "type": "get_attr",
                "value": "password"
              }
            ]
          ],
          "identity_schema_version": 0,
          "private": "eyJlMmJmYjczMC1lY2FhLTExZTYtOGY4OC0zNDM2M2JjN2M0YzAiOnsiY3JlYXRlIjoyNDAwMDAwMDAwMDAwLCJkZWxldGUiOjM2MDAwMDAwMDAwMDAsInVwZGF0ZSI6NDgwMDAwMDAwMDAwMH0sInNjaGVtYV92ZXJzaW9uIjoiMSJ9",
          "dependencies": [
            "data.aws_subnets.default_subnets",
            "data.aws_vpc.default",
            "module.network.aws_security_group.db",
            "module.rds.aws_db_subnet_group.course_db_subnet_group"
          ]
        }
      ]
    },
    {
      "module": "module.rds",
      "mode": "managed",
      "type": "aws_db_subnet_group",
      "name": "course_db_subnet_group",
      "provider": "module.rds.provider[\"registry.terraform.io/hashicorp/aws\"]",
      "instances": [
        {
          "schema_version": 0,
          "attributes": {
            "arn": "arn:aws:rds:ap-southeast-2:000576340633:subgrp:course-db-subnet-group",
            "description": "Managed by Terraform",
            "id": "course-db-subnet-group",
            "name": "course-db-subnet-group",
            "name_prefix": "",
            "subnet_ids": [
              "subnet-01e9119d95bdf3ba0",
              "subnet-047072d6572aa78a2",
              "subnet-07984e5409489862b"
            ],
            "supported_network_types": [
              "IPV4"
            ],
            "tags": {
              "Name": "course-db-subnet-group"
            },
            "tags_all": {
              "Name": "course-db-subnet-group"
            },
            "vpc_id": "vpc-0532763e9ffcf655d"
          },
          "sensitive_attributes": [],
          "identity_schema_version": 0,
          "private": "bnVsbA==",
          "dependencies": [
            "data.aws_subnets.default_subnets",
            "data.aws_vpc.default"
          ]
        }
      ]
    },
    {
      "module": "module.s3",
      "mode": "managed",
      "type": "aws_s3_bucket",
      "name": "course_bucket",
      "provider": "module.s3.provider[\"registry.terraform.io/hashicorp/aws\"]",
      "instances": [
        {
          "schema_version": 0,
          "attributes": {
            "acceleration_status": "",
            "acl": null,
            "arn": "arn:aws:s3:::teamnh-course-bucket-168",
            "bucket": "teamnh-course-bucket-168",
            "bucket_domain_name": "teamnh-course-bucket-168.s3.amazonaws.com",
            "bucket_prefix": "",
            "bucket_regional_domain_name": "teamnh-course-bucket-168.s3.ap-southeast-2.amazonaws.com",
            "cors_rule": [],
            "force_destroy": false,
            "grant": [
              {
                "id": "d952b79c2e6617ff3caf3cdb5de292766b32b71a64ab4979e61b0a7c73da17be",
                "permissions": [
                  "FULL_CONTROL"
                ],
                "type": "CanonicalUser",
                "uri": ""
              }
            ],
            "hosted_zone_id": "Z1WCIGYICN2BYD",
            "id": "teamnh-course-bucket-168",
            "lifecycle_rule": [],
            "logging": [],
            "object_lock_configuration": [],
            "object_lock_enabled": false,
            "policy": "{\"Statement\":[{\"Action\":[\"s3:ListBucket\",\"s3:GetObject\",\"s3:PutObject\",\"s3:DeleteObject\"],\"Effect\":\"Allow\",\"Principal\":{\"AWS\":\"arn:aws:iam::000576340633:role/group_168_iam_role\"},\"Resource\":[\"arn:aws:s3:::teamnh-course-bucket-168\",\"arn:aws:s3:::teamnh-course-bucket-168/*\"],\"Sid\":\"AllowAccessFromIAMRole\"},{\"Action\":\"s3:GetObject\",\"Effect\":\"Allow\",\"Principal\":\"*\",\"Resource\":\"arn:aws:s3:::teamnh-course-bucket-168/*\",\"Sid\":\"AllowPublicReadForGetObject\"}],\"Version\":\"2012-10-17\"}",
            "region": "ap-southeast-2",
            "replication_configuration": [],
            "request_payer": "BucketOwner",
            "server_side_encryption_configuration": [
              {
                "rule": [
                  {
                    "apply_server_side_encryption_by_default": [
                      {
                        "kms_master_key_id": "",
                        "sse_algorithm": "AES256"
                      }
                    ],
                    "bucket_key_enabled": false
                  }
                ]
              }
            ],
            "tags": {},
            "tags_all": {},
            "timeouts": null,
            "versioning": [
              {
                "enabled": true,
                "mfa_delete": false
              }
            ],
            "website": [],
            "website_domain": null,
            "website_endpoint": null
          },
          "sensitive_attributes": [],
          "identity_schema_version": 0,
          "private": "eyJlMmJmYjczMC1lY2FhLTExZTYtOGY4OC0zNDM2M2JjN2M0YzAiOnsiY3JlYXRlIjoxMjAwMDAwMDAwMDAwLCJkZWxldGUiOjM2MDAwMDAwMDAwMDAsInJlYWQiOjEyMDAwMDAwMDAwMDAsInVwZGF0ZSI6MTIwMDAwMDAwMDAwMH19"
        }
      ]
    },
    {
      "module": "module.s3",
      "mode": "managed",
      "type": "aws_s3_bucket_policy",
      "name": "bucket_policy",
      "provider": "module.s3.provider[\"registry.terraform.io/hashicorp/aws\"]",
      "instances": [
        {
          "schema_version": 0,
          "attributes": {
            "bucket": "teamnh-course-bucket-168",
            "id": "teamnh-course-bucket-168",
            "policy": "{\"Statement\":[{\"Action\":[\"s3:ListBucket\",\"s3:GetObject\",\"s3:PutObject\",\"s3:DeleteObject\"],\"Effect\":\"Allow\",\"Principal\":{\"AWS\":\"arn:aws:iam::000576340633:role/group_168_iam_role\"},\"Resource\":[\"arn:aws:s3:::teamnh-course-bucket-168\",\"arn:aws:s3:::teamnh-course-bucket-168/*\"],\"Sid\":\"AllowAccessFromIAMRole\"},{\"Action\":\"s3:GetObject\",\"Effect\":\"Allow\",\"Principal\":\"*\",\"Resource\":\"arn:aws:s3:::teamnh-course-bucket-168/*\",\"Sid\":\"AllowPublicReadForGetObject\"}],\"Version\":\"2012-10-17\"}"
          },
          "sensitive_attributes": [],
          "identity_schema_version": 0,
          "private": "bnVsbA==",
          "dependencies": [
            "module.s3.aws_s3_bucket.course_bucket",
            "module.s3.aws_s3_bucket_public_access_block.block_public_access"
          ]
        }
      ]
    },
    {
      "module": "module.s3",
      "mode": "managed",
      "type": "aws_s3_bucket_public_access_block",
      "name": "block_public_access",
      "provider": "module.s3.provider[\"registry.terraform.io/hashicorp/aws\"]",
      "instances": [
        {
          "schema_version": 0,
          "attributes": {
            "block_public_acls": false,
            "block_public_policy": false,
            "bucket": "teamnh-course-bucket-168",
            "id": "teamnh-course-bucket-168",
            "ignore_public_acls": false,
            "restrict_public_buckets": false
          },
          "sensitive_attributes": [],
          "identity_schema_version": 0,
          "private": "bnVsbA==",
          "dependencies": [
            "module.s3.aws_s3_bucket.course_bucket"
          ]
        }
      ]
    },
    {
      "module": "module.s3",
      "mode": "managed",
      "type": "aws_s3_bucket_server_side_encryption_configuration",
      "name": "course_bucket_sse",
      "provider": "module.s3.provider[\"registry.terraform.io/hashicorp/aws\"]",
      "instances": [
        {
          "schema_version": 0,
          "attributes": {
            "bucket": "teamnh-course-bucket-168",
            "expected_bucket_owner": "",
            "id": "teamnh-course-bucket-168",
            "rule": [
              {
                "apply_server_side_encryption_by_default": [
                  {
                    "kms_master_key_id": "",
                    "sse_algorithm": "AES256"
                  }
                ],
                "bucket_key_enabled": false
              }
            ]
          },
          "sensitive_attributes": [],
          "identity_schema_version": 0,
          "private": "bnVsbA==",
          "dependencies": [
            "module.s3.aws_s3_bucket.course_bucket"
          ]
        }
      ]
    },
    {
      "module": "module.s3",
      "mode": "managed",
      "type": "aws_s3_bucket_versioning",
      "name": "course_bucket_versioning",
      "provider": "module.s3.provider[\"registry.terraform.io/hashicorp/aws\"]",
      "instances": [
        {
          "schema_version": 0,
          "attributes": {
            "bucket": "teamnh-course-bucket-168",
            "expected_bucket_owner": "",
            "id": "teamnh-course-bucket-168",
            "mfa": null,
            "versioning_configuration": [
              {
                "mfa_delete": "",
                "status": "Enabled"
              }
            ]
          },
          "sensitive_attributes": [],
          "identity_schema_version": 0,
          "private": "bnVsbA==",
          "dependencies": [
            "module.s3.aws_s3_bucket.course_bucket"
          ]
        }
      ]
    }
  ],
  "check_results": null
}
